
Microsoft Visual Studio Solution File, Format Version 12.00
# Visual Studio Version 17
VisualStudioVersion = 17.4.33205.214
MinimumVisualStudioVersion = 10.0.40219.1
Project("{9A19103F-16F7-4668-BE54-9A1E7A4F7556}") = "PlantCatalog.Api", "PlantCatalog\PlantCatalog.Api\PlantCatalog.Api.csproj", "{7B7B8B61-D11D-41E3-95E3-29BC9CC0086B}"
EndProject
Project("{2150E333-8FDC-42A3-9474-1A3956D46DE8}") = "PlantCatalog", "PlantCatalog", "{4F76FEC4-3679-4A51-ACDB-53369923BA78}"
EndProject
Project("{9A19103F-16F7-4668-BE54-9A1E7A4F7556}") = "PlantCatalog.Infrustructure", "PlantCatalog\PlantCatalog.Infrustructure\PlantCatalog.Infrustructure.csproj", "{1659763A-02CE-4850-98FD-617AA42ECC0C}"
EndProject
Project("{9A19103F-16F7-4668-BE54-9A1E7A4F7556}") = "GardenLog.SharedInfrastructure", "GardenLog.SharedInfrastructure\GardenLog.SharedInfrastructure.csproj", "{F63F88BC-E9AA-4130-906F-322BA8BC5A01}"
EndProject
Project("{9A19103F-16F7-4668-BE54-9A1E7A4F7556}") = "PlantCatalog.Domain", "PlantCatalog\PlantCatalog.Domain\PlantCatalog.Domain.csproj", "{F3745286-6268-4476-A339-5F4BF6E56468}"
EndProject
Project("{9A19103F-16F7-4668-BE54-9A1E7A4F7556}") = "GardenLog.SharedKernel", "GardenLog.SharedKernel\GardenLog.SharedKernel.csproj", "{D1018EA8-133C-4ECE-BB98-7B37611E79C9}"
EndProject
Project("{9A19103F-16F7-4668-BE54-9A1E7A4F7556}") = "PlantCatalog.Contract", "PlantCatalog\PlantCatalog.Contract\PlantCatalog.Contract.csproj", "{9C4D4B01-52A6-467B-B7C8-E2F41E496069}"
EndProject
Project("{2150E333-8FDC-42A3-9474-1A3956D46DE8}") = "GardenLogWeb", "GardenLogWeb", "{95DF7381-9900-4209-9115-6F40FAA6B9DE}"
EndProject
Project("{9A19103F-16F7-4668-BE54-9A1E7A4F7556}") = "GardenLogWeb", "GardenLogWeb\GardenLogWeb\GardenLogWeb.csproj", "{906AC2EA-7A73-46D2-B402-1244A651BB14}"
EndProject
Project("{2150E333-8FDC-42A3-9474-1A3956D46DE8}") = "Test", "Test", "{ED1FCD09-2B7B-46E8-82B0-0CECA7827DDF}"
EndProject
Project("{9A19103F-16F7-4668-BE54-9A1E7A4F7556}") = "PlantCatalog.IntegrationTest", "Test\PlantCatalog.IntegrationTest\PlantCatalog.IntegrationTest.csproj", "{4A69F8EC-B1BA-4032-BF50-83C0D3FA1A04}"
EndProject
Project("{2150E333-8FDC-42A3-9474-1A3956D46DE8}") = "ImageCatalog", "ImageCatalog", "{8C457AD7-F188-4395-9361-E01B104167E4}"
EndProject
Project("{9A19103F-16F7-4668-BE54-9A1E7A4F7556}") = "ImageCatalog.Contract", "ImageCatalog\ImageCatalog.Contract\ImageCatalog.Contract.csproj", "{E64E3927-E1FB-4096-B571-F574DC5325CF}"
EndProject
Project("{9A19103F-16F7-4668-BE54-9A1E7A4F7556}") = "ImageCatalog.Api", "ImageCatalog\ImageCatalog.Api\ImageCatalog.Api.csproj", "{64EE9830-B945-461A-A84F-E8F2CCB5ECE4}"
EndProject
Project("{9A19103F-16F7-4668-BE54-9A1E7A4F7556}") = "ImageCatalog.IntegrationTest", "Test\ImageCatalog.IntegrationTest\ImageCatalog.IntegrationTest.csproj", "{20A2FD94-C196-4816-9B77-E63157985D3E}"
EndProject
Project("{2150E333-8FDC-42A3-9474-1A3956D46DE8}") = "PlantHarvest", "PlantHarvest", "{D3A6BD60-3EBE-4033-AD7A-20E8B4CCE3FC}"
EndProject
Project("{9A19103F-16F7-4668-BE54-9A1E7A4F7556}") = "PlantHarvest.Api", "PlantHarvest\PlantHarvest.Api\PlantHarvest.Api.csproj", "{8F22C6C6-9D91-40C3-BDEB-3D05229649F7}"
EndProject
Project("{9A19103F-16F7-4668-BE54-9A1E7A4F7556}") = "PlantHarvest.Contract", "PlantHarvest\PlantHarvest.Contract\PlantHarvest.Contract.csproj", "{6293C05A-D03D-49D7-94F1-7FF84642361E}"
EndProject
Project("{9A19103F-16F7-4668-BE54-9A1E7A4F7556}") = "PlantHarvest.Domain", "PlantHarvest\PlantHarvest.Domain\PlantHarvest.Domain.csproj", "{38183C8A-27AB-4988-80BB-CFDDAB059EF9}"
EndProject
Project("{9A19103F-16F7-4668-BE54-9A1E7A4F7556}") = "PlantHarvest.Infrastructure", "PlantHarvest\PlantHarvest.Infrastructure\PlantHarvest.Infrastructure.csproj", "{2045383F-F4E1-4B1A-9AA2-2373FFC25CA3}"
EndProject
Project("{2150E333-8FDC-42A3-9474-1A3956D46DE8}") = "UserManagement", "UserManagement", "{24874A2B-CA31-4C50-838E-2B6EE0DEBB27}"
EndProject
Project("{9A19103F-16F7-4668-BE54-9A1E7A4F7556}") = "UserManagement.Contract", "UserManagement\UserManagement.Contract\UserManagement.Contract.csproj", "{54958D98-D8A8-40D2-99B4-74A56F1189E6}"
EndProject
Project("{9A19103F-16F7-4668-BE54-9A1E7A4F7556}") = "PlantHarvest.IntegrationTest", "Test\PlantHarvest.IntegrationTest\PlantHarvest.IntegrationTest.csproj", "{7A743102-0E5E-4F63-A188-F5B877D1B317}"
EndProject
Project("{FAE04EC0-301F-11D3-BF4B-00C04F79EFBC}") = "UserManagement", "UserManagement\UserManagement.Api\UserManagement.csproj", "{342F19EC-CC8B-49D0-A5D9-98BF1C289AF9}"
EndProject
Global
	GlobalSection(SolutionConfigurationPlatforms) = preSolution
		Debug|Any CPU = Debug|Any CPU
		Release|Any CPU = Release|Any CPU
	EndGlobalSection
	GlobalSection(ProjectConfigurationPlatforms) = postSolution
		{7B7B8B61-D11D-41E3-95E3-29BC9CC0086B}.Debug|Any CPU.ActiveCfg = Debug|Any CPU
		{7B7B8B61-D11D-41E3-95E3-29BC9CC0086B}.Debug|Any CPU.Build.0 = Debug|Any CPU
		{7B7B8B61-D11D-41E3-95E3-29BC9CC0086B}.Release|Any CPU.ActiveCfg = Release|Any CPU
		{7B7B8B61-D11D-41E3-95E3-29BC9CC0086B}.Release|Any CPU.Build.0 = Release|Any CPU
		{1659763A-02CE-4850-98FD-617AA42ECC0C}.Debug|Any CPU.ActiveCfg = Debug|Any CPU
		{1659763A-02CE-4850-98FD-617AA42ECC0C}.Debug|Any CPU.Build.0 = Debug|Any CPU
		{1659763A-02CE-4850-98FD-617AA42ECC0C}.Release|Any CPU.ActiveCfg = Release|Any CPU
		{1659763A-02CE-4850-98FD-617AA42ECC0C}.Release|Any CPU.Build.0 = Release|Any CPU
		{F63F88BC-E9AA-4130-906F-322BA8BC5A01}.Debug|Any CPU.ActiveCfg = Debug|Any CPU
		{F63F88BC-E9AA-4130-906F-322BA8BC5A01}.Debug|Any CPU.Build.0 = Debug|Any CPU
		{F63F88BC-E9AA-4130-906F-322BA8BC5A01}.Release|Any CPU.ActiveCfg = Release|Any CPU
		{F63F88BC-E9AA-4130-906F-322BA8BC5A01}.Release|Any CPU.Build.0 = Release|Any CPU
		{F3745286-6268-4476-A339-5F4BF6E56468}.Debug|Any CPU.ActiveCfg = Debug|Any CPU
		{F3745286-6268-4476-A339-5F4BF6E56468}.Debug|Any CPU.Build.0 = Debug|Any CPU
		{F3745286-6268-4476-A339-5F4BF6E56468}.Release|Any CPU.ActiveCfg = Release|Any CPU
		{F3745286-6268-4476-A339-5F4BF6E56468}.Release|Any CPU.Build.0 = Release|Any CPU
		{D1018EA8-133C-4ECE-BB98-7B37611E79C9}.Debug|Any CPU.ActiveCfg = Debug|Any CPU
		{D1018EA8-133C-4ECE-BB98-7B37611E79C9}.Debug|Any CPU.Build.0 = Debug|Any CPU
		{D1018EA8-133C-4ECE-BB98-7B37611E79C9}.Release|Any CPU.ActiveCfg = Release|Any CPU
		{D1018EA8-133C-4ECE-BB98-7B37611E79C9}.Release|Any CPU.Build.0 = Release|Any CPU
		{9C4D4B01-52A6-467B-B7C8-E2F41E496069}.Debug|Any CPU.ActiveCfg = Debug|Any CPU
		{9C4D4B01-52A6-467B-B7C8-E2F41E496069}.Debug|Any CPU.Build.0 = Debug|Any CPU
		{9C4D4B01-52A6-467B-B7C8-E2F41E496069}.Release|Any CPU.ActiveCfg = Release|Any CPU
		{9C4D4B01-52A6-467B-B7C8-E2F41E496069}.Release|Any CPU.Build.0 = Release|Any CPU
		{906AC2EA-7A73-46D2-B402-1244A651BB14}.Debug|Any CPU.ActiveCfg = Debug|Any CPU
		{906AC2EA-7A73-46D2-B402-1244A651BB14}.Debug|Any CPU.Build.0 = Debug|Any CPU
		{906AC2EA-7A73-46D2-B402-1244A651BB14}.Release|Any CPU.ActiveCfg = Release|Any CPU
		{906AC2EA-7A73-46D2-B402-1244A651BB14}.Release|Any CPU.Build.0 = Release|Any CPU
		{4A69F8EC-B1BA-4032-BF50-83C0D3FA1A04}.Debug|Any CPU.ActiveCfg = Debug|Any CPU
		{4A69F8EC-B1BA-4032-BF50-83C0D3FA1A04}.Debug|Any CPU.Build.0 = Debug|Any CPU
		{4A69F8EC-B1BA-4032-BF50-83C0D3FA1A04}.Release|Any CPU.ActiveCfg = Release|Any CPU
		{4A69F8EC-B1BA-4032-BF50-83C0D3FA1A04}.Release|Any CPU.Build.0 = Release|Any CPU
		{E64E3927-E1FB-4096-B571-F574DC5325CF}.Debug|Any CPU.ActiveCfg = Debug|Any CPU
		{E64E3927-E1FB-4096-B571-F574DC5325CF}.Debug|Any CPU.Build.0 = Debug|Any CPU
		{E64E3927-E1FB-4096-B571-F574DC5325CF}.Release|Any CPU.ActiveCfg = Release|Any CPU
		{E64E3927-E1FB-4096-B571-F574DC5325CF}.Release|Any CPU.Build.0 = Release|Any CPU
		{64EE9830-B945-461A-A84F-E8F2CCB5ECE4}.Debug|Any CPU.ActiveCfg = Debug|Any CPU
		{64EE9830-B945-461A-A84F-E8F2CCB5ECE4}.Debug|Any CPU.Build.0 = Debug|Any CPU
		{64EE9830-B945-461A-A84F-E8F2CCB5ECE4}.Release|Any CPU.ActiveCfg = Release|Any CPU
		{64EE9830-B945-461A-A84F-E8F2CCB5ECE4}.Release|Any CPU.Build.0 = Release|Any CPU
		{20A2FD94-C196-4816-9B77-E63157985D3E}.Debug|Any CPU.ActiveCfg = Debug|Any CPU
		{20A2FD94-C196-4816-9B77-E63157985D3E}.Debug|Any CPU.Build.0 = Debug|Any CPU
		{20A2FD94-C196-4816-9B77-E63157985D3E}.Release|Any CPU.ActiveCfg = Release|Any CPU
		{20A2FD94-C196-4816-9B77-E63157985D3E}.Release|Any CPU.Build.0 = Release|Any CPU
		{8F22C6C6-9D91-40C3-BDEB-3D05229649F7}.Debug|Any CPU.ActiveCfg = Debug|Any CPU
		{8F22C6C6-9D91-40C3-BDEB-3D05229649F7}.Debug|Any CPU.Build.0 = Debug|Any CPU
		{8F22C6C6-9D91-40C3-BDEB-3D05229649F7}.Release|Any CPU.ActiveCfg = Release|Any CPU
		{8F22C6C6-9D91-40C3-BDEB-3D05229649F7}.Release|Any CPU.Build.0 = Release|Any CPU
		{6293C05A-D03D-49D7-94F1-7FF84642361E}.Debug|Any CPU.ActiveCfg = Debug|Any CPU
		{6293C05A-D03D-49D7-94F1-7FF84642361E}.Debug|Any CPU.Build.0 = Debug|Any CPU
		{6293C05A-D03D-49D7-94F1-7FF84642361E}.Release|Any CPU.ActiveCfg = Release|Any CPU
		{6293C05A-D03D-49D7-94F1-7FF84642361E}.Release|Any CPU.Build.0 = Release|Any CPU
		{38183C8A-27AB-4988-80BB-CFDDAB059EF9}.Debug|Any CPU.ActiveCfg = Debug|Any CPU
		{38183C8A-27AB-4988-80BB-CFDDAB059EF9}.Debug|Any CPU.Build.0 = Debug|Any CPU
		{38183C8A-27AB-4988-80BB-CFDDAB059EF9}.Release|Any CPU.ActiveCfg = Release|Any CPU
		{38183C8A-27AB-4988-80BB-CFDDAB059EF9}.Release|Any CPU.Build.0 = Release|Any CPU
		{2045383F-F4E1-4B1A-9AA2-2373FFC25CA3}.Debug|Any CPU.ActiveCfg = Debug|Any CPU
		{2045383F-F4E1-4B1A-9AA2-2373FFC25CA3}.Debug|Any CPU.Build.0 = Debug|Any CPU
		{2045383F-F4E1-4B1A-9AA2-2373FFC25CA3}.Release|Any CPU.ActiveCfg = Release|Any CPU
		{2045383F-F4E1-4B1A-9AA2-2373FFC25CA3}.Release|Any CPU.Build.0 = Release|Any CPU
		{54958D98-D8A8-40D2-99B4-74A56F1189E6}.Debug|Any CPU.ActiveCfg = Debug|Any CPU
		{54958D98-D8A8-40D2-99B4-74A56F1189E6}.Debug|Any CPU.Build.0 = Debug|Any CPU
		{54958D98-D8A8-40D2-99B4-74A56F1189E6}.Release|Any CPU.ActiveCfg = Release|Any CPU
		{54958D98-D8A8-40D2-99B4-74A56F1189E6}.Release|Any CPU.Build.0 = Release|Any CPU
		{7A743102-0E5E-4F63-A188-F5B877D1B317}.Debug|Any CPU.ActiveCfg = Debug|Any CPU
		{7A743102-0E5E-4F63-A188-F5B877D1B317}.Debug|Any CPU.Build.0 = Debug|Any CPU
		{7A743102-0E5E-4F63-A188-F5B877D1B317}.Release|Any CPU.ActiveCfg = Release|Any CPU
		{7A743102-0E5E-4F63-A188-F5B877D1B317}.Release|Any CPU.Build.0 = Release|Any CPU
		{342F19EC-CC8B-49D0-A5D9-98BF1C289AF9}.Debug|Any CPU.ActiveCfg = Debug|Any CPU
		{342F19EC-CC8B-49D0-A5D9-98BF1C289AF9}.Debug|Any CPU.Build.0 = Debug|Any CPU
		{342F19EC-CC8B-49D0-A5D9-98BF1C289AF9}.Release|Any CPU.ActiveCfg = Release|Any CPU
		{342F19EC-CC8B-49D0-A5D9-98BF1C289AF9}.Release|Any CPU.Build.0 = Release|Any CPU
	EndGlobalSection
	GlobalSection(SolutionProperties) = preSolution
		HideSolutionNode = FALSE
	EndGlobalSection
	GlobalSection(NestedProjects) = preSolution
		{7B7B8B61-D11D-41E3-95E3-29BC9CC0086B} = {4F76FEC4-3679-4A51-ACDB-53369923BA78}
		{1659763A-02CE-4850-98FD-617AA42ECC0C} = {4F76FEC4-3679-4A51-ACDB-53369923BA78}
		{F3745286-6268-4476-A339-5F4BF6E56468} = {4F76FEC4-3679-4A51-ACDB-53369923BA78}
		{9C4D4B01-52A6-467B-B7C8-E2F41E496069} = {4F76FEC4-3679-4A51-ACDB-53369923BA78}
		{906AC2EA-7A73-46D2-B402-1244A651BB14} = {95DF7381-9900-4209-9115-6F40FAA6B9DE}
		{4A69F8EC-B1BA-4032-BF50-83C0D3FA1A04} = {ED1FCD09-2B7B-46E8-82B0-0CECA7827DDF}
		{E64E3927-E1FB-4096-B571-F574DC5325CF} = {8C457AD7-F188-4395-9361-E01B104167E4}
		{64EE9830-B945-461A-A84F-E8F2CCB5ECE4} = {8C457AD7-F188-4395-9361-E01B104167E4}
		{20A2FD94-C196-4816-9B77-E63157985D3E} = {ED1FCD09-2B7B-46E8-82B0-0CECA7827DDF}
		{8F22C6C6-9D91-40C3-BDEB-3D05229649F7} = {D3A6BD60-3EBE-4033-AD7A-20E8B4CCE3FC}
		{6293C05A-D03D-49D7-94F1-7FF84642361E} = {D3A6BD60-3EBE-4033-AD7A-20E8B4CCE3FC}
		{38183C8A-27AB-4988-80BB-CFDDAB059EF9} = {D3A6BD60-3EBE-4033-AD7A-20E8B4CCE3FC}
		{2045383F-F4E1-4B1A-9AA2-2373FFC25CA3} = {D3A6BD60-3EBE-4033-AD7A-20E8B4CCE3FC}
		{54958D98-D8A8-40D2-99B4-74A56F1189E6} = {24874A2B-CA31-4C50-838E-2B6EE0DEBB27}
		{7A743102-0E5E-4F63-A188-F5B877D1B317} = {ED1FCD09-2B7B-46E8-82B0-0CECA7827DDF}
		{342F19EC-CC8B-49D0-A5D9-98BF1C289AF9} = {24874A2B-CA31-4C50-838E-2B6EE0DEBB27}
	EndGlobalSection
	GlobalSection(ExtensibilityGlobals) = postSolution
		SolutionGuid = {8BCCE8DF-C7F2-4369-843F-B3695CBEDA8B}
	EndGlobalSection
EndGlobal
