
Microsoft Visual Studio Solution File, Format Version 12.00
# Visual Studio Version 17
VisualStudioVersion = 17.4.33205.214
MinimumVisualStudioVersion = 10.0.40219.1
Project("{9A19103F-16F7-4668-BE54-9A1E7A4F7556}") = "GardenLogWeb", "GardenLogWeb\GardenLogWeb.csproj", "{1F97F4C5-7920-45A6-8193-34294EFEA0EE}"
EndProject
Project("{FAE04EC0-301F-11D3-BF4B-00C04F79EFBC}") = "PlantCatalog.Api", "PlantCatalog.Api\PlantCatalog.Api.csproj", "{7B7B8B61-D11D-41E3-95E3-29BC9CC0086B}"
EndProject
Global
	GlobalSection(SolutionConfigurationPlatforms) = preSolution
		Debug|Any CPU = Debug|Any CPU
		Release|Any CPU = Release|Any CPU
	EndGlobalSection
	GlobalSection(ProjectConfigurationPlatforms) = postSolution
		{1F97F4C5-7920-45A6-8193-34294EFEA0EE}.Debug|Any CPU.ActiveCfg = Debug|Any CPU
		{1F97F4C5-7920-45A6-8193-34294EFEA0EE}.Debug|Any CPU.Build.0 = Debug|Any CPU
		{1F97F4C5-7920-45A6-8193-34294EFEA0EE}.Release|Any CPU.ActiveCfg = Release|Any CPU
		{1F97F4C5-7920-45A6-8193-34294EFEA0EE}.Release|Any CPU.Build.0 = Release|Any CPU
		{7B7B8B61-D11D-41E3-95E3-29BC9CC0086B}.Debug|Any CPU.ActiveCfg = Debug|Any CPU
		{7B7B8B61-D11D-41E3-95E3-29BC9CC0086B}.Debug|Any CPU.Build.0 = Debug|Any CPU
		{7B7B8B61-D11D-41E3-95E3-29BC9CC0086B}.Release|Any CPU.ActiveCfg = Release|Any CPU
		{7B7B8B61-D11D-41E3-95E3-29BC9CC0086B}.Release|Any CPU.Build.0 = Release|Any CPU
	EndGlobalSection
	GlobalSection(SolutionProperties) = preSolution
		HideSolutionNode = FALSE
	EndGlobalSection
	GlobalSection(ExtensibilityGlobals) = postSolution
		SolutionGuid = {8BCCE8DF-C7F2-4369-843F-B3695CBEDA8B}
	EndGlobalSection
EndGlobal
